// !$*UTF8*$!
{
	archiveVersion = 1;
	classes = {
	};
	objectVersion = 56;
	objects = {

/* Begin PBXBuildFile section */
		FA03477F2B3015B8002C23C6 /* HomeViewModel.swift in Sources */ = {isa = PBXBuildFile; fileRef = FA03477E2B3015B8002C23C6 /* HomeViewModel.swift */; };
		FA2A997F2B2CCB580053CE2C /* SwiftfulCryptoApp.swift in Sources */ = {isa = PBXBuildFile; fileRef = FA2A997E2B2CCB580053CE2C /* SwiftfulCryptoApp.swift */; };
		FA2A99862B2CCB590053CE2C /* Preview Assets.xcassets in Resources */ = {isa = PBXBuildFile; fileRef = FA2A99852B2CCB590053CE2C /* Preview Assets.xcassets */; };
		FA2A998D2B2CCCC10053CE2C /* Assets.xcassets in Resources */ = {isa = PBXBuildFile; fileRef = FA2A998C2B2CCCC00053CE2C /* Assets.xcassets */; };
		FA2A99902B2CD1820053CE2C /* Color.swift in Sources */ = {isa = PBXBuildFile; fileRef = FA2A998F2B2CD1820053CE2C /* Color.swift */; };
		FA2A99962B2CF64C0053CE2C /* HomeView.swift in Sources */ = {isa = PBXBuildFile; fileRef = FA2A99952B2CF64C0053CE2C /* HomeView.swift */; };
		FA2A999A2B2D0CF30053CE2C /* CircleButtonView.swift in Sources */ = {isa = PBXBuildFile; fileRef = FA2A99992B2D0CF30053CE2C /* CircleButtonView.swift */; };
		FA2A999C2B2EACA30053CE2C /* CircleButtonAnimationView.swift in Sources */ = {isa = PBXBuildFile; fileRef = FA2A999B2B2EACA30053CE2C /* CircleButtonAnimationView.swift */; };
		FA2A999F2B2EBAA10053CE2C /* CoinModel.swift in Sources */ = {isa = PBXBuildFile; fileRef = FA2A999E2B2EBAA10053CE2C /* CoinModel.swift */; };
		FA2A99A12B2ECDDB0053CE2C /* CoinRowView.swift in Sources */ = {isa = PBXBuildFile; fileRef = FA2A99A02B2ECDDB0053CE2C /* CoinRowView.swift */; };
		FA2A99A32B2ECF320053CE2C /* PreviewProvider.swift in Sources */ = {isa = PBXBuildFile; fileRef = FA2A99A22B2ECF320053CE2C /* PreviewProvider.swift */; };
		FA2A99A52B2ED5A30053CE2C /* Double.swift in Sources */ = {isa = PBXBuildFile; fileRef = FA2A99A42B2ED5A30053CE2C /* Double.swift */; };
		FA38C6E82B314CE9002896FB /* CoinDataService.swift in Sources */ = {isa = PBXBuildFile; fileRef = FA38C6E72B314CE9002896FB /* CoinDataService.swift */; };
		FA38C6EB2B31635F002896FB /* NetworkingManager.swift in Sources */ = {isa = PBXBuildFile; fileRef = FA38C6EA2B31635F002896FB /* NetworkingManager.swift */; };
		FA38C6EE2B3211F6002896FB /* CoinImageView.swift in Sources */ = {isa = PBXBuildFile; fileRef = FA38C6ED2B3211F6002896FB /* CoinImageView.swift */; };
		FA38C6F02B3213DD002896FB /* CoinImageService.swift in Sources */ = {isa = PBXBuildFile; fileRef = FA38C6EF2B3213DD002896FB /* CoinImageService.swift */; };
		FA38C6F22B321D07002896FB /* CoinImageViewModel.swift in Sources */ = {isa = PBXBuildFile; fileRef = FA38C6F12B321D07002896FB /* CoinImageViewModel.swift */; };
		FACFFAA92BE9EDC1004B1BFC /* HapticManager.swift in Sources */ = {isa = PBXBuildFile; fileRef = FACFFAA82BE9EDC1004B1BFC /* HapticManager.swift */; };
		FACFFAAB2BE9EE3A004B1BFC /* Date.swift in Sources */ = {isa = PBXBuildFile; fileRef = FACFFAAA2BE9EE39004B1BFC /* Date.swift */; };
		FACFFAAD2BE9EE4B004B1BFC /* String.swift in Sources */ = {isa = PBXBuildFile; fileRef = FACFFAAC2BE9EE4B004B1BFC /* String.swift */; };
		FACFFAAF2BE9EE83004B1BFC /* CoinDetailDataService.swift in Sources */ = {isa = PBXBuildFile; fileRef = FACFFAAE2BE9EE83004B1BFC /* CoinDetailDataService.swift */; };
		FACFFAB12BE9EEB7004B1BFC /* PortfolioDataService.swift in Sources */ = {isa = PBXBuildFile; fileRef = FACFFAB02BE9EEB7004B1BFC /* PortfolioDataService.swift */; };
		FACFFAB32BE9EEF3004B1BFC /* CoinDetailModel.swift in Sources */ = {isa = PBXBuildFile; fileRef = FACFFAB22BE9EEF3004B1BFC /* CoinDetailModel.swift */; };
		FACFFAB62BE9EF2C004B1BFC /* Model.xcdatamodeld in Sources */ = {isa = PBXBuildFile; fileRef = FACFFAB42BE9EF2C004B1BFC /* Model.xcdatamodeld */; };
		FACFFAB92BE9F1DE004B1BFC /* LaunchScreen.storyboard in Resources */ = {isa = PBXBuildFile; fileRef = FACFFAB82BE9F1DE004B1BFC /* LaunchScreen.storyboard */; };
		FACFFABB2BE9F21A004B1BFC /* LaunchView.swift in Sources */ = {isa = PBXBuildFile; fileRef = FACFFABA2BE9F21A004B1BFC /* LaunchView.swift */; };
		FACFFABF2BE9F309004B1BFC /* DetailViewModel.swift in Sources */ = {isa = PBXBuildFile; fileRef = FACFFABE2BE9F309004B1BFC /* DetailViewModel.swift */; };
		FACFFAC22BE9F339004B1BFC /* DetailView.swift in Sources */ = {isa = PBXBuildFile; fileRef = FACFFAC12BE9F339004B1BFC /* DetailView.swift */; };
		FACFFAC42BE9F34F004B1BFC /* ChartView.swift in Sources */ = {isa = PBXBuildFile; fileRef = FACFFAC32BE9F34F004B1BFC /* ChartView.swift */; };
		FACFFAC82BE9F37D004B1BFC /* SettingsView.swift in Sources */ = {isa = PBXBuildFile; fileRef = FACFFAC72BE9F37D004B1BFC /* SettingsView.swift */; };
		FAE6DBAC2B8E4F4C000A7668 /* SearchBarView.swift in Sources */ = {isa = PBXBuildFile; fileRef = FAE6DBAB2B8E4F4C000A7668 /* SearchBarView.swift */; };
		FAE6DBAE2B8E582E000A7668 /* UIApplication.swift in Sources */ = {isa = PBXBuildFile; fileRef = FAE6DBAD2B8E582E000A7668 /* UIApplication.swift */; };
		FAE6DBB02B8E6A1F000A7668 /* StatisticModel.swift in Sources */ = {isa = PBXBuildFile; fileRef = FAE6DBAF2B8E6A1F000A7668 /* StatisticModel.swift */; };
		FAE6DBB22B8E7858000A7668 /* StatisticView.swift in Sources */ = {isa = PBXBuildFile; fileRef = FAE6DBB12B8E7858000A7668 /* StatisticView.swift */; };
		FAE6DBB42B8EA3D4000A7668 /* HomeStatsView.swift in Sources */ = {isa = PBXBuildFile; fileRef = FAE6DBB32B8EA3D4000A7668 /* HomeStatsView.swift */; };
		FAEA94F22B8EFB4900A2EC07 /* MarketDataModel.swift in Sources */ = {isa = PBXBuildFile; fileRef = FAEA94F12B8EFB4900A2EC07 /* MarketDataModel.swift */; };
		FAEA94F42B8FAED200A2EC07 /* MarketDataService.swift in Sources */ = {isa = PBXBuildFile; fileRef = FAEA94F32B8FAED200A2EC07 /* MarketDataService.swift */; };
		FAEA94F62B8FBBC000A2EC07 /* PortfolioView.swift in Sources */ = {isa = PBXBuildFile; fileRef = FAEA94F52B8FBBC000A2EC07 /* PortfolioView.swift */; };
		FAEA94F82B8FBDDF00A2EC07 /* XMarkButton.swift in Sources */ = {isa = PBXBuildFile; fileRef = FAEA94F72B8FBDDF00A2EC07 /* XMarkButton.swift */; };
		FAEA94FA2B8FFB0500A2EC07 /* CoinLogoView.swift in Sources */ = {isa = PBXBuildFile; fileRef = FAEA94F92B8FFB0500A2EC07 /* CoinLogoView.swift */; };
		FAF81BB72B8DB26400DED5E6 /* LocalFileManager.swift in Sources */ = {isa = PBXBuildFile; fileRef = FAF81BB62B8DB26400DED5E6 /* LocalFileManager.swift */; };
/* End PBXBuildFile section */

/* Begin PBXFileReference section */
		FA03477E2B3015B8002C23C6 /* HomeViewModel.swift */ = {isa = PBXFileReference; lastKnownFileType = sourcecode.swift; path = HomeViewModel.swift; sourceTree = "<group>"; };
		FA2A997B2B2CCB580053CE2C /* SwiftfulCrypto.app */ = {isa = PBXFileReference; explicitFileType = wrapper.application; includeInIndex = 0; path = SwiftfulCrypto.app; sourceTree = BUILT_PRODUCTS_DIR; };
		FA2A997E2B2CCB580053CE2C /* SwiftfulCryptoApp.swift */ = {isa = PBXFileReference; lastKnownFileType = sourcecode.swift; path = SwiftfulCryptoApp.swift; sourceTree = "<group>"; };
		FA2A99852B2CCB590053CE2C /* Preview Assets.xcassets */ = {isa = PBXFileReference; lastKnownFileType = folder.assetcatalog; path = "Preview Assets.xcassets"; sourceTree = "<group>"; };
		FA2A998C2B2CCCC00053CE2C /* Assets.xcassets */ = {isa = PBXFileReference; lastKnownFileType = folder.assetcatalog; name = Assets.xcassets; path = ../../../Downloads/Resources/Assets.xcassets; sourceTree = "<group>"; };
		FA2A998F2B2CD1820053CE2C /* Color.swift */ = {isa = PBXFileReference; lastKnownFileType = sourcecode.swift; path = Color.swift; sourceTree = "<group>"; };
		FA2A99952B2CF64C0053CE2C /* HomeView.swift */ = {isa = PBXFileReference; lastKnownFileType = sourcecode.swift; path = HomeView.swift; sourceTree = "<group>"; };
		FA2A99992B2D0CF30053CE2C /* CircleButtonView.swift */ = {isa = PBXFileReference; lastKnownFileType = sourcecode.swift; path = CircleButtonView.swift; sourceTree = "<group>"; };
		FA2A999B2B2EACA30053CE2C /* CircleButtonAnimationView.swift */ = {isa = PBXFileReference; lastKnownFileType = sourcecode.swift; path = CircleButtonAnimationView.swift; sourceTree = "<group>"; };
		FA2A999E2B2EBAA10053CE2C /* CoinModel.swift */ = {isa = PBXFileReference; lastKnownFileType = sourcecode.swift; path = CoinModel.swift; sourceTree = "<group>"; };
		FA2A99A02B2ECDDB0053CE2C /* CoinRowView.swift */ = {isa = PBXFileReference; lastKnownFileType = sourcecode.swift; path = CoinRowView.swift; sourceTree = "<group>"; };
		FA2A99A22B2ECF320053CE2C /* PreviewProvider.swift */ = {isa = PBXFileReference; lastKnownFileType = sourcecode.swift; path = PreviewProvider.swift; sourceTree = "<group>"; };
		FA2A99A42B2ED5A30053CE2C /* Double.swift */ = {isa = PBXFileReference; lastKnownFileType = sourcecode.swift; path = Double.swift; sourceTree = "<group>"; };
		FA38C6E72B314CE9002896FB /* CoinDataService.swift */ = {isa = PBXFileReference; lastKnownFileType = sourcecode.swift; path = CoinDataService.swift; sourceTree = "<group>"; };
		FA38C6EA2B31635F002896FB /* NetworkingManager.swift */ = {isa = PBXFileReference; lastKnownFileType = sourcecode.swift; path = NetworkingManager.swift; sourceTree = "<group>"; };
		FA38C6ED2B3211F6002896FB /* CoinImageView.swift */ = {isa = PBXFileReference; lastKnownFileType = sourcecode.swift; path = CoinImageView.swift; sourceTree = "<group>"; };
		FA38C6EF2B3213DD002896FB /* CoinImageService.swift */ = {isa = PBXFileReference; lastKnownFileType = sourcecode.swift; path = CoinImageService.swift; sourceTree = "<group>"; };
		FA38C6F12B321D07002896FB /* CoinImageViewModel.swift */ = {isa = PBXFileReference; lastKnownFileType = sourcecode.swift; path = CoinImageViewModel.swift; sourceTree = "<group>"; };
		FACFFAA82BE9EDC1004B1BFC /* HapticManager.swift */ = {isa = PBXFileReference; lastKnownFileType = sourcecode.swift; path = HapticManager.swift; sourceTree = "<group>"; };
		FACFFAAA2BE9EE39004B1BFC /* Date.swift */ = {isa = PBXFileReference; lastKnownFileType = sourcecode.swift; path = Date.swift; sourceTree = "<group>"; };
		FACFFAAC2BE9EE4B004B1BFC /* String.swift */ = {isa = PBXFileReference; lastKnownFileType = sourcecode.swift; path = String.swift; sourceTree = "<group>"; };
		FACFFAAE2BE9EE83004B1BFC /* CoinDetailDataService.swift */ = {isa = PBXFileReference; lastKnownFileType = sourcecode.swift; path = CoinDetailDataService.swift; sourceTree = "<group>"; };
		FACFFAB02BE9EEB7004B1BFC /* PortfolioDataService.swift */ = {isa = PBXFileReference; lastKnownFileType = sourcecode.swift; path = PortfolioDataService.swift; sourceTree = "<group>"; };
		FACFFAB22BE9EEF3004B1BFC /* CoinDetailModel.swift */ = {isa = PBXFileReference; lastKnownFileType = sourcecode.swift; path = CoinDetailModel.swift; sourceTree = "<group>"; };
		FACFFAB52BE9EF2C004B1BFC /* Model.xcdatamodel */ = {isa = PBXFileReference; lastKnownFileType = wrapper.xcdatamodel; path = Model.xcdatamodel; sourceTree = "<group>"; };
		FACFFAB82BE9F1DE004B1BFC /* LaunchScreen.storyboard */ = {isa = PBXFileReference; lastKnownFileType = file.storyboard; path = LaunchScreen.storyboard; sourceTree = "<group>"; };
		FACFFABA2BE9F21A004B1BFC /* LaunchView.swift */ = {isa = PBXFileReference; lastKnownFileType = sourcecode.swift; path = LaunchView.swift; sourceTree = "<group>"; };
		FACFFABE2BE9F309004B1BFC /* DetailViewModel.swift */ = {isa = PBXFileReference; lastKnownFileType = sourcecode.swift; path = DetailViewModel.swift; sourceTree = "<group>"; };
		FACFFAC12BE9F339004B1BFC /* DetailView.swift */ = {isa = PBXFileReference; lastKnownFileType = sourcecode.swift; path = DetailView.swift; sourceTree = "<group>"; };
		FACFFAC32BE9F34F004B1BFC /* ChartView.swift */ = {isa = PBXFileReference; lastKnownFileType = sourcecode.swift; path = ChartView.swift; sourceTree = "<group>"; };
		FACFFAC72BE9F37D004B1BFC /* SettingsView.swift */ = {isa = PBXFileReference; lastKnownFileType = sourcecode.swift; path = SettingsView.swift; sourceTree = "<group>"; };
		FAE6DBAB2B8E4F4C000A7668 /* SearchBarView.swift */ = {isa = PBXFileReference; lastKnownFileType = sourcecode.swift; path = SearchBarView.swift; sourceTree = "<group>"; };
		FAE6DBAD2B8E582E000A7668 /* UIApplication.swift */ = {isa = PBXFileReference; lastKnownFileType = sourcecode.swift; path = UIApplication.swift; sourceTree = "<group>"; };
		FAE6DBAF2B8E6A1F000A7668 /* StatisticModel.swift */ = {isa = PBXFileReference; lastKnownFileType = sourcecode.swift; path = StatisticModel.swift; sourceTree = "<group>"; };
		FAE6DBB12B8E7858000A7668 /* StatisticView.swift */ = {isa = PBXFileReference; lastKnownFileType = sourcecode.swift; path = StatisticView.swift; sourceTree = "<group>"; };
		FAE6DBB32B8EA3D4000A7668 /* HomeStatsView.swift */ = {isa = PBXFileReference; lastKnownFileType = sourcecode.swift; path = HomeStatsView.swift; sourceTree = "<group>"; };
		FAEA94F12B8EFB4900A2EC07 /* MarketDataModel.swift */ = {isa = PBXFileReference; lastKnownFileType = sourcecode.swift; path = MarketDataModel.swift; sourceTree = "<group>"; };
		FAEA94F32B8FAED200A2EC07 /* MarketDataService.swift */ = {isa = PBXFileReference; lastKnownFileType = sourcecode.swift; path = MarketDataService.swift; sourceTree = "<group>"; };
		FAEA94F52B8FBBC000A2EC07 /* PortfolioView.swift */ = {isa = PBXFileReference; lastKnownFileType = sourcecode.swift; path = PortfolioView.swift; sourceTree = "<group>"; };
		FAEA94F72B8FBDDF00A2EC07 /* XMarkButton.swift */ = {isa = PBXFileReference; lastKnownFileType = sourcecode.swift; path = XMarkButton.swift; sourceTree = "<group>"; };
		FAEA94F92B8FFB0500A2EC07 /* CoinLogoView.swift */ = {isa = PBXFileReference; lastKnownFileType = sourcecode.swift; path = CoinLogoView.swift; sourceTree = "<group>"; };
		FAF81BB62B8DB26400DED5E6 /* LocalFileManager.swift */ = {isa = PBXFileReference; lastKnownFileType = sourcecode.swift; path = LocalFileManager.swift; sourceTree = "<group>"; };
/* End PBXFileReference section */

/* Begin PBXFrameworksBuildPhase section */
		FA2A99782B2CCB580053CE2C /* Frameworks */ = {
			isa = PBXFrameworksBuildPhase;
			buildActionMask = 2147483647;
			files = (
			);
			runOnlyForDeploymentPostprocessing = 0;
		};
/* End PBXFrameworksBuildPhase section */

/* Begin PBXGroup section */
		FA2A99722B2CCB580053CE2C = {
			isa = PBXGroup;
			children = (
				FA2A997D2B2CCB580053CE2C /* SwiftfulCrypto */,
				FA2A997C2B2CCB580053CE2C /* Products */,
			);
			sourceTree = "<group>";
		};
		FA2A997C2B2CCB580053CE2C /* Products */ = {
			isa = PBXGroup;
			children = (
				FA2A997B2B2CCB580053CE2C /* SwiftfulCrypto.app */,
			);
			name = Products;
			sourceTree = "<group>";
		};
		FA2A997D2B2CCB580053CE2C /* SwiftfulCrypto */ = {
			isa = PBXGroup;
			children = (
				FA2A997E2B2CCB580053CE2C /* SwiftfulCryptoApp.swift */,
				FA38C6E92B316317002896FB /* Utilities */,
				FA2A998E2B2CD1660053CE2C /* Extensions */,
				FA38C6E62B314CAF002896FB /* Services */,
				FA2A999D2B2EBA6B0053CE2C /* Models */,
				FA2A99912B2CF5EA0053CE2C /* Core */,
				FA2A998C2B2CCCC00053CE2C /* Assets.xcassets */,
				FA2A99842B2CCB590053CE2C /* Preview Content */,
			);
			path = SwiftfulCrypto;
			sourceTree = "<group>";
		};
		FA2A99842B2CCB590053CE2C /* Preview Content */ = {
			isa = PBXGroup;
			children = (
				FA2A99852B2CCB590053CE2C /* Preview Assets.xcassets */,
			);
			path = "Preview Content";
			sourceTree = "<group>";
		};
		FA2A998E2B2CD1660053CE2C /* Extensions */ = {
			isa = PBXGroup;
			children = (
				FA2A998F2B2CD1820053CE2C /* Color.swift */,
				FA2A99A22B2ECF320053CE2C /* PreviewProvider.swift */,
				FA2A99A42B2ED5A30053CE2C /* Double.swift */,
				FAE6DBAD2B8E582E000A7668 /* UIApplication.swift */,
				FACFFAAA2BE9EE39004B1BFC /* Date.swift */,
				FACFFAAC2BE9EE4B004B1BFC /* String.swift */,
			);
			path = Extensions;
			sourceTree = "<group>";
		};
		FA2A99912B2CF5EA0053CE2C /* Core */ = {
			isa = PBXGroup;
			children = (
				FA2A99972B2D0C8C0053CE2C /* Componets  */,
				FACFFAB72BE9F152004B1BFC /* Launch */,
				FA2A99922B2CF6100053CE2C /* Home */,
				FACFFABC2BE9F2CC004B1BFC /* Detail */,
				FACFFAC52BE9F362004B1BFC /* Settings */,
			);
			path = Core;
			sourceTree = "<group>";
		};
		FA2A99922B2CF6100053CE2C /* Home */ = {
			isa = PBXGroup;
			children = (
				FA2A99942B2CF6290053CE2C /* ViewModels */,
				FA2A99932B2CF61E0053CE2C /* Views */,
			);
			path = Home;
			sourceTree = "<group>";
		};
		FA2A99932B2CF61E0053CE2C /* Views */ = {
			isa = PBXGroup;
			children = (
				FA2A99952B2CF64C0053CE2C /* HomeView.swift */,
				FAE6DBB32B8EA3D4000A7668 /* HomeStatsView.swift */,
				FA2A99A02B2ECDDB0053CE2C /* CoinRowView.swift */,
				FAEA94F52B8FBBC000A2EC07 /* PortfolioView.swift */,
			);
			path = Views;
			sourceTree = "<group>";
		};
		FA2A99942B2CF6290053CE2C /* ViewModels */ = {
			isa = PBXGroup;
			children = (
				FA03477E2B3015B8002C23C6 /* HomeViewModel.swift */,
			);
			path = ViewModels;
			sourceTree = "<group>";
		};
		FA2A99972B2D0C8C0053CE2C /* Componets  */ = {
			isa = PBXGroup;
			children = (
				FA38C6EC2B3211D7002896FB /* CoinImage */,
				FA2A99982B2D0C9B0053CE2C /* CircleButton */,
				FAE6DBAB2B8E4F4C000A7668 /* SearchBarView.swift */,
				FAE6DBB12B8E7858000A7668 /* StatisticView.swift */,
				FAEA94F72B8FBDDF00A2EC07 /* XMarkButton.swift */,
			);
			path = "Componets ";
			sourceTree = "<group>";
		};
		FA2A99982B2D0C9B0053CE2C /* CircleButton */ = {
			isa = PBXGroup;
			children = (
				FA2A99992B2D0CF30053CE2C /* CircleButtonView.swift */,
				FA2A999B2B2EACA30053CE2C /* CircleButtonAnimationView.swift */,
			);
			path = CircleButton;
			sourceTree = "<group>";
		};
		FA2A999D2B2EBA6B0053CE2C /* Models */ = {
			isa = PBXGroup;
			children = (
				FA2A999E2B2EBAA10053CE2C /* CoinModel.swift */,
				FACFFAB22BE9EEF3004B1BFC /* CoinDetailModel.swift */,
				FAE6DBAF2B8E6A1F000A7668 /* StatisticModel.swift */,
				FAEA94F12B8EFB4900A2EC07 /* MarketDataModel.swift */,
				FACFFAB42BE9EF2C004B1BFC /* Model.xcdatamodeld */,
			);
			path = Models;
			sourceTree = "<group>";
		};
		FA38C6E62B314CAF002896FB /* Services */ = {
			isa = PBXGroup;
			children = (
				FA38C6E72B314CE9002896FB /* CoinDataService.swift */,
				FACFFAAE2BE9EE83004B1BFC /* CoinDetailDataService.swift */,
				FA38C6EF2B3213DD002896FB /* CoinImageService.swift */,
				FAEA94F32B8FAED200A2EC07 /* MarketDataService.swift */,
				FACFFAB02BE9EEB7004B1BFC /* PortfolioDataService.swift */,
			);
			path = Services;
			sourceTree = "<group>";
		};
		FA38C6E92B316317002896FB /* Utilities */ = {
			isa = PBXGroup;
			children = (
				FA38C6EA2B31635F002896FB /* NetworkingManager.swift */,
				FAF81BB62B8DB26400DED5E6 /* LocalFileManager.swift */,
				FACFFAA82BE9EDC1004B1BFC /* HapticManager.swift */,
			);
			path = Utilities;
			sourceTree = "<group>";
		};
		FA38C6EC2B3211D7002896FB /* CoinImage */ = {
			isa = PBXGroup;
			children = (
				FA38C6ED2B3211F6002896FB /* CoinImageView.swift */,
				FA38C6F12B321D07002896FB /* CoinImageViewModel.swift */,
				FAEA94F92B8FFB0500A2EC07 /* CoinLogoView.swift */,
			);
			path = CoinImage;
			sourceTree = "<group>";
		};
		FACFFAB72BE9F152004B1BFC /* Launch */ = {
			isa = PBXGroup;
			children = (
				FACFFAB82BE9F1DE004B1BFC /* LaunchScreen.storyboard */,
				FACFFABA2BE9F21A004B1BFC /* LaunchView.swift */,
			);
			path = Launch;
			sourceTree = "<group>";
		};
		FACFFABC2BE9F2CC004B1BFC /* Detail */ = {
			isa = PBXGroup;
			children = (
				FACFFABD2BE9F2FB004B1BFC /* ViewModels */,
				FACFFAC02BE9F31F004B1BFC /* Views */,
			);
			path = Detail;
			sourceTree = "<group>";
		};
		FACFFABD2BE9F2FB004B1BFC /* ViewModels */ = {
			isa = PBXGroup;
			children = (
				FACFFABE2BE9F309004B1BFC /* DetailViewModel.swift */,
			);
			path = ViewModels;
			sourceTree = "<group>";
		};
		FACFFAC02BE9F31F004B1BFC /* Views */ = {
			isa = PBXGroup;
			children = (
				FACFFAC12BE9F339004B1BFC /* DetailView.swift */,
				FACFFAC32BE9F34F004B1BFC /* ChartView.swift */,
			);
			path = Views;
			sourceTree = "<group>";
		};
		FACFFAC52BE9F362004B1BFC /* Settings */ = {
			isa = PBXGroup;
			children = (
				FACFFAC62BE9F36E004B1BFC /* Views */,
			);
			path = Settings;
			sourceTree = "<group>";
		};
		FACFFAC62BE9F36E004B1BFC /* Views */ = {
			isa = PBXGroup;
			children = (
				FACFFAC72BE9F37D004B1BFC /* SettingsView.swift */,
			);
			path = Views;
			sourceTree = "<group>";
		};
/* End PBXGroup section */

/* Begin PBXNativeTarget section */
		FA2A997A2B2CCB580053CE2C /* SwiftfulCrypto */ = {
			isa = PBXNativeTarget;
			buildConfigurationList = FA2A99892B2CCB590053CE2C /* Build configuration list for PBXNativeTarget "SwiftfulCrypto" */;
			buildPhases = (
				FA2A99772B2CCB580053CE2C /* Sources */,
				FA2A99782B2CCB580053CE2C /* Frameworks */,
				FA2A99792B2CCB580053CE2C /* Resources */,
			);
			buildRules = (
			);
			dependencies = (
			);
			name = SwiftfulCrypto;
			productName = SwiftfulCrypto;
			productReference = FA2A997B2B2CCB580053CE2C /* SwiftfulCrypto.app */;
			productType = "com.apple.product-type.application";
		};
/* End PBXNativeTarget section */

/* Begin PBXProject section */
		FA2A99732B2CCB580053CE2C /* Project object */ = {
			isa = PBXProject;
			attributes = {
				BuildIndependentTargetsInParallel = 1;
				LastSwiftUpdateCheck = 1510;
				LastUpgradeCheck = 1510;
				TargetAttributes = {
					FA2A997A2B2CCB580053CE2C = {
						CreatedOnToolsVersion = 15.1;
					};
				};
			};
			buildConfigurationList = FA2A99762B2CCB580053CE2C /* Build configuration list for PBXProject "SwiftfulCrypto" */;
			compatibilityVersion = "Xcode 14.0";
			developmentRegion = en;
			hasScannedForEncodings = 0;
			knownRegions = (
				en,
				Base,
			);
			mainGroup = FA2A99722B2CCB580053CE2C;
			productRefGroup = FA2A997C2B2CCB580053CE2C /* Products */;
			projectDirPath = "";
			projectRoot = "";
			targets = (
				FA2A997A2B2CCB580053CE2C /* SwiftfulCrypto */,
			);
		};
/* End PBXProject section */

/* Begin PBXResourcesBuildPhase section */
		FA2A99792B2CCB580053CE2C /* Resources */ = {
			isa = PBXResourcesBuildPhase;
			buildActionMask = 2147483647;
			files = (
				FACFFAB92BE9F1DE004B1BFC /* LaunchScreen.storyboard in Resources */,
				FA2A99862B2CCB590053CE2C /* Preview Assets.xcassets in Resources */,
				FA2A998D2B2CCCC10053CE2C /* Assets.xcassets in Resources */,
			);
			runOnlyForDeploymentPostprocessing = 0;
		};
/* End PBXResourcesBuildPhase section */

/* Begin PBXSourcesBuildPhase section */
		FA2A99772B2CCB580053CE2C /* Sources */ = {
			isa = PBXSourcesBuildPhase;
			buildActionMask = 2147483647;
			files = (
				FAE6DBB02B8E6A1F000A7668 /* StatisticModel.swift in Sources */,
				FA38C6E82B314CE9002896FB /* CoinDataService.swift in Sources */,
				FACFFAA92BE9EDC1004B1BFC /* HapticManager.swift in Sources */,
				FA2A99A12B2ECDDB0053CE2C /* CoinRowView.swift in Sources */,
				FAEA94F82B8FBDDF00A2EC07 /* XMarkButton.swift in Sources */,
				FACFFAAB2BE9EE3A004B1BFC /* Date.swift in Sources */,
				FA03477F2B3015B8002C23C6 /* HomeViewModel.swift in Sources */,
				FACFFAB32BE9EEF3004B1BFC /* CoinDetailModel.swift in Sources */,
				FAF81BB72B8DB26400DED5E6 /* LocalFileManager.swift in Sources */,
				FAEA94F22B8EFB4900A2EC07 /* MarketDataModel.swift in Sources */,
				FA2A99962B2CF64C0053CE2C /* HomeView.swift in Sources */,
				FACFFAC82BE9F37D004B1BFC /* SettingsView.swift in Sources */,
				FAE6DBB22B8E7858000A7668 /* StatisticView.swift in Sources */,
				FACFFAAD2BE9EE4B004B1BFC /* String.swift in Sources */,
				FA38C6EE2B3211F6002896FB /* CoinImageView.swift in Sources */,
				FA2A997F2B2CCB580053CE2C /* SwiftfulCryptoApp.swift in Sources */,
				FAE6DBAE2B8E582E000A7668 /* UIApplication.swift in Sources */,
				FA2A999A2B2D0CF30053CE2C /* CircleButtonView.swift in Sources */,
				FA2A99902B2CD1820053CE2C /* Color.swift in Sources */,
				FACFFAAF2BE9EE83004B1BFC /* CoinDetailDataService.swift in Sources */,
				FAE6DBAC2B8E4F4C000A7668 /* SearchBarView.swift in Sources */,
				FA38C6EB2B31635F002896FB /* NetworkingManager.swift in Sources */,
				FAEA94FA2B8FFB0500A2EC07 /* CoinLogoView.swift in Sources */,
				FAE6DBB42B8EA3D4000A7668 /* HomeStatsView.swift in Sources */,
				FAEA94F42B8FAED200A2EC07 /* MarketDataService.swift in Sources */,
				FACFFAC22BE9F339004B1BFC /* DetailView.swift in Sources */,
				FACFFAB62BE9EF2C004B1BFC /* Model.xcdatamodeld in Sources */,
				FA2A999C2B2EACA30053CE2C /* CircleButtonAnimationView.swift in Sources */,
				FA38C6F22B321D07002896FB /* CoinImageViewModel.swift in Sources */,
				FACFFAC42BE9F34F004B1BFC /* ChartView.swift in Sources */,
				FA2A99A32B2ECF320053CE2C /* PreviewProvider.swift in Sources */,
				FAEA94F62B8FBBC000A2EC07 /* PortfolioView.swift in Sources */,
				FA2A99A52B2ED5A30053CE2C /* Double.swift in Sources */,
				FACFFABF2BE9F309004B1BFC /* DetailViewModel.swift in Sources */,
				FACFFABB2BE9F21A004B1BFC /* LaunchView.swift in Sources */,
				FA38C6F02B3213DD002896FB /* CoinImageService.swift in Sources */,
				FACFFAB12BE9EEB7004B1BFC /* PortfolioDataService.swift in Sources */,
				FA2A999F2B2EBAA10053CE2C /* CoinModel.swift in Sources */,
			);
			runOnlyForDeploymentPostprocessing = 0;
		};
/* End PBXSourcesBuildPhase section */

/* Begin XCBuildConfiguration section */
		FA2A99872B2CCB590053CE2C /* Debug */ = {
			isa = XCBuildConfiguration;
			buildSettings = {
				ALWAYS_SEARCH_USER_PATHS = NO;
				ASSETCATALOG_COMPILER_GENERATE_SWIFT_ASSET_SYMBOL_EXTENSIONS = YES;
				CLANG_ANALYZER_NONNULL = YES;
				CLANG_ANALYZER_NUMBER_OBJECT_CONVERSION = YES_AGGRESSIVE;
				CLANG_CXX_LANGUAGE_STANDARD = "gnu++20";
				CLANG_ENABLE_MODULES = YES;
				CLANG_ENABLE_OBJC_ARC = YES;
				CLANG_ENABLE_OBJC_WEAK = YES;
				CLANG_WARN_BLOCK_CAPTURE_AUTORELEASING = YES;
				CLANG_WARN_BOOL_CONVERSION = YES;
				CLANG_WARN_COMMA = YES;
				CLANG_WARN_CONSTANT_CONVERSION = YES;
				CLANG_WARN_DEPRECATED_OBJC_IMPLEMENTATIONS = YES;
				CLANG_WARN_DIRECT_OBJC_ISA_USAGE = YES_ERROR;
				CLANG_WARN_DOCUMENTATION_COMMENTS = YES;
				CLANG_WARN_EMPTY_BODY = YES;
				CLANG_WARN_ENUM_CONVERSION = YES;
				CLANG_WARN_INFINITE_RECURSION = YES;
				CLANG_WARN_INT_CONVERSION = YES;
				CLANG_WARN_NON_LITERAL_NULL_CONVERSION = YES;
				CLANG_WARN_OBJC_IMPLICIT_RETAIN_SELF = YES;
				CLANG_WARN_OBJC_LITERAL_CONVERSION = YES;
				CLANG_WARN_OBJC_ROOT_CLASS = YES_ERROR;
				CLANG_WARN_QUOTED_INCLUDE_IN_FRAMEWORK_HEADER = YES;
				CLANG_WARN_RANGE_LOOP_ANALYSIS = YES;
				CLANG_WARN_STRICT_PROTOTYPES = YES;
				CLANG_WARN_SUSPICIOUS_MOVE = YES;
				CLANG_WARN_UNGUARDED_AVAILABILITY = YES_AGGRESSIVE;
				CLANG_WARN_UNREACHABLE_CODE = YES;
				CLANG_WARN__DUPLICATE_METHOD_MATCH = YES;
				COPY_PHASE_STRIP = NO;
				DEBUG_INFORMATION_FORMAT = dwarf;
				ENABLE_STRICT_OBJC_MSGSEND = YES;
				ENABLE_TESTABILITY = YES;
				ENABLE_USER_SCRIPT_SANDBOXING = YES;
				GCC_C_LANGUAGE_STANDARD = gnu17;
				GCC_DYNAMIC_NO_PIC = NO;
				GCC_NO_COMMON_BLOCKS = YES;
				GCC_OPTIMIZATION_LEVEL = 0;
				GCC_PREPROCESSOR_DEFINITIONS = (
					"DEBUG=1",
					"$(inherited)",
				);
				GCC_WARN_64_TO_32_BIT_CONVERSION = YES;
				GCC_WARN_ABOUT_RETURN_TYPE = YES_ERROR;
				GCC_WARN_UNDECLARED_SELECTOR = YES;
				GCC_WARN_UNINITIALIZED_AUTOS = YES_AGGRESSIVE;
				GCC_WARN_UNUSED_FUNCTION = YES;
				GCC_WARN_UNUSED_VARIABLE = YES;
				IPHONEOS_DEPLOYMENT_TARGET = 17.2;
				LOCALIZATION_PREFERS_STRING_CATALOGS = YES;
				MTL_ENABLE_DEBUG_INFO = INCLUDE_SOURCE;
				MTL_FAST_MATH = YES;
				ONLY_ACTIVE_ARCH = YES;
				SDKROOT = iphoneos;
				SWIFT_ACTIVE_COMPILATION_CONDITIONS = "DEBUG $(inherited)";
				SWIFT_OPTIMIZATION_LEVEL = "-Onone";
			};
			name = Debug;
		};
		FA2A99882B2CCB590053CE2C /* Release */ = {
			isa = XCBuildConfiguration;
			buildSettings = {
				ALWAYS_SEARCH_USER_PATHS = NO;
				ASSETCATALOG_COMPILER_GENERATE_SWIFT_ASSET_SYMBOL_EXTENSIONS = YES;
				CLANG_ANALYZER_NONNULL = YES;
				CLANG_ANALYZER_NUMBER_OBJECT_CONVERSION = YES_AGGRESSIVE;
				CLANG_CXX_LANGUAGE_STANDARD = "gnu++20";
				CLANG_ENABLE_MODULES = YES;
				CLANG_ENABLE_OBJC_ARC = YES;
				CLANG_ENABLE_OBJC_WEAK = YES;
				CLANG_WARN_BLOCK_CAPTURE_AUTORELEASING = YES;
				CLANG_WARN_BOOL_CONVERSION = YES;
				CLANG_WARN_COMMA = YES;
				CLANG_WARN_CONSTANT_CONVERSION = YES;
				CLANG_WARN_DEPRECATED_OBJC_IMPLEMENTATIONS = YES;
				CLANG_WARN_DIRECT_OBJC_ISA_USAGE = YES_ERROR;
				CLANG_WARN_DOCUMENTATION_COMMENTS = YES;
				CLANG_WARN_EMPTY_BODY = YES;
				CLANG_WARN_ENUM_CONVERSION = YES;
				CLANG_WARN_INFINITE_RECURSION = YES;
				CLANG_WARN_INT_CONVERSION = YES;
				CLANG_WARN_NON_LITERAL_NULL_CONVERSION = YES;
				CLANG_WARN_OBJC_IMPLICIT_RETAIN_SELF = YES;
				CLANG_WARN_OBJC_LITERAL_CONVERSION = YES;
				CLANG_WARN_OBJC_ROOT_CLASS = YES_ERROR;
				CLANG_WARN_QUOTED_INCLUDE_IN_FRAMEWORK_HEADER = YES;
				CLANG_WARN_RANGE_LOOP_ANALYSIS = YES;
				CLANG_WARN_STRICT_PROTOTYPES = YES;
				CLANG_WARN_SUSPICIOUS_MOVE = YES;
				CLANG_WARN_UNGUARDED_AVAILABILITY = YES_AGGRESSIVE;
				CLANG_WARN_UNREACHABLE_CODE = YES;
				CLANG_WARN__DUPLICATE_METHOD_MATCH = YES;
				COPY_PHASE_STRIP = NO;
				DEBUG_INFORMATION_FORMAT = "dwarf-with-dsym";
				ENABLE_NS_ASSERTIONS = NO;
				ENABLE_STRICT_OBJC_MSGSEND = YES;
				ENABLE_USER_SCRIPT_SANDBOXING = YES;
				GCC_C_LANGUAGE_STANDARD = gnu17;
				GCC_NO_COMMON_BLOCKS = YES;
				GCC_WARN_64_TO_32_BIT_CONVERSION = YES;
				GCC_WARN_ABOUT_RETURN_TYPE = YES_ERROR;
				GCC_WARN_UNDECLARED_SELECTOR = YES;
				GCC_WARN_UNINITIALIZED_AUTOS = YES_AGGRESSIVE;
				GCC_WARN_UNUSED_FUNCTION = YES;
				GCC_WARN_UNUSED_VARIABLE = YES;
				IPHONEOS_DEPLOYMENT_TARGET = 17.2;
				LOCALIZATION_PREFERS_STRING_CATALOGS = YES;
				MTL_ENABLE_DEBUG_INFO = NO;
				MTL_FAST_MATH = YES;
				SDKROOT = iphoneos;
				SWIFT_COMPILATION_MODE = wholemodule;
				VALIDATE_PRODUCT = YES;
			};
			name = Release;
		};
		FA2A998A2B2CCB590053CE2C /* Debug */ = {
			isa = XCBuildConfiguration;
			buildSettings = {
				ASSETCATALOG_COMPILER_APPICON_NAME = AppIcon;
				ASSETCATALOG_COMPILER_GLOBAL_ACCENT_COLOR_NAME = AccentColor;
				CODE_SIGN_STYLE = Automatic;
				CURRENT_PROJECT_VERSION = 1;
				DEVELOPMENT_ASSET_PATHS = "\"SwiftfulCrypto/Preview Content\"";
				DEVELOPMENT_TEAM = PM22P3F9UZ;
				ENABLE_PREVIEWS = YES;
				GENERATE_INFOPLIST_FILE = YES;
				INFOPLIST_KEY_CFBundleDisplayName = "Crypto Tracker";
				INFOPLIST_KEY_UIApplicationSceneManifest_Generation = YES;
				INFOPLIST_KEY_UIApplicationSupportsIndirectInputEvents = YES;
				INFOPLIST_KEY_UILaunchScreen_Generation = YES;
				INFOPLIST_KEY_UISupportedInterfaceOrientations = UIInterfaceOrientationPortrait;
				LD_RUNPATH_SEARCH_PATHS = (
					"$(inherited)",
					"@executable_path/Frameworks",
				);
				MARKETING_VERSION = 1.0;
				PRODUCT_BUNDLE_IDENTIFIER = com.ricardogarza.SwiftfulCrypto;
				PRODUCT_NAME = "$(TARGET_NAME)";
				SWIFT_EMIT_LOC_STRINGS = YES;
				SWIFT_VERSION = 5.0;
				TARGETED_DEVICE_FAMILY = "1,2";
			};
			name = Debug;
		};
		FA2A998B2B2CCB590053CE2C /* Release */ = {
			isa = XCBuildConfiguration;
			buildSettings = {
				ASSETCATALOG_COMPILER_APPICON_NAME = AppIcon;
				ASSETCATALOG_COMPILER_GLOBAL_ACCENT_COLOR_NAME = AccentColor;
				CODE_SIGN_STYLE = Automatic;
				CURRENT_PROJECT_VERSION = 1;
				DEVELOPMENT_ASSET_PATHS = "\"SwiftfulCrypto/Preview Content\"";
				DEVELOPMENT_TEAM = PM22P3F9UZ;
				ENABLE_PREVIEWS = YES;
				GENERATE_INFOPLIST_FILE = YES;
				INFOPLIST_KEY_CFBundleDisplayName = "Crypto Tracker";
				INFOPLIST_KEY_UIApplicationSceneManifest_Generation = YES;
				INFOPLIST_KEY_UIApplicationSupportsIndirectInputEvents = YES;
				INFOPLIST_KEY_UILaunchScreen_Generation = YES;
				INFOPLIST_KEY_UISupportedInterfaceOrientations = UIInterfaceOrientationPortrait;
				LD_RUNPATH_SEARCH_PATHS = (
					"$(inherited)",
					"@executable_path/Frameworks",
				);
				MARKETING_VERSION = 1.0;
				PRODUCT_BUNDLE_IDENTIFIER = com.ricardogarza.SwiftfulCrypto;
				PRODUCT_NAME = "$(TARGET_NAME)";
				SWIFT_EMIT_LOC_STRINGS = YES;
				SWIFT_VERSION = 5.0;
				TARGETED_DEVICE_FAMILY = "1,2";
			};
			name = Release;
		};
/* End XCBuildConfiguration section */

/* Begin XCConfigurationList section */
		FA2A99762B2CCB580053CE2C /* Build configuration list for PBXProject "SwiftfulCrypto" */ = {
			isa = XCConfigurationList;
			buildConfigurations = (
				FA2A99872B2CCB590053CE2C /* Debug */,
				FA2A99882B2CCB590053CE2C /* Release */,
			);
			defaultConfigurationIsVisible = 0;
			defaultConfigurationName = Release;
		};
		FA2A99892B2CCB590053CE2C /* Build configuration list for PBXNativeTarget "SwiftfulCrypto" */ = {
			isa = XCConfigurationList;
			buildConfigurations = (
				FA2A998A2B2CCB590053CE2C /* Debug */,
				FA2A998B2B2CCB590053CE2C /* Release */,
			);
			defaultConfigurationIsVisible = 0;
			defaultConfigurationName = Release;
		};
/* End XCConfigurationList section */

/* Begin XCVersionGroup section */
		FACFFAB42BE9EF2C004B1BFC /* Model.xcdatamodeld */ = {
			isa = XCVersionGroup;
			children = (
				FACFFAB52BE9EF2C004B1BFC /* Model.xcdatamodel */,
			);
			currentVersion = FACFFAB52BE9EF2C004B1BFC /* Model.xcdatamodel */;
			name = Model.xcdatamodeld;
			path = /Users/ricardogarza/Desktop/SwiftfulCrypto/SwiftfulCrypto/Models/Model.xcdatamodeld;
			sourceTree = "<group>";
			versionGroupType = wrapper.xcdatamodel;
		};
/* End XCVersionGroup section */
	};
	rootObject = FA2A99732B2CCB580053CE2C /* Project object */;
}
